{
  "lockfileVersion": 1,
  "configVersion": 0,
  "workspaces": {
    "": {
      "name": "website",
      "dependencies": {
        "@tsparticles/slim": "^3.9.1",
        "@tsparticles/svelte": "^3.1.1",
      },
      "devDependencies": {
        "@sveltejs/adapter-auto": "^7.0.0",
        "@sveltejs/kit": "^2.49.5",
        "@sveltejs/vite-plugin-svelte": "^6.2.4",
        "svelte": "^5.46.4",
        "vite": "^7.3.1",
      },
    },
  },
  "packages": {
    "@esbuild/aix-ppc64": ["@esbuild/aix-ppc64@0.27.2", "", { "os": "aix", "cpu": "ppc64" }, "sha512-GZMB+a0mOMZs4MpDbj8RJp4cw+w1WV5NYD6xzgvzUJ5Ek2jerwfO2eADyI6ExDSUED+1X8aMbegahsJi+8mgpw=="],

    "@esbuild/android-arm": ["@esbuild/android-arm@0.27.2", "", { "os": "android", "cpu": "arm" }, "sha512-DVNI8jlPa7Ujbr1yjU2PfUSRtAUZPG9I1RwW4F4xFB1Imiu2on0ADiI/c3td+KmDtVKNbi+nffGDQMfcIMkwIA=="],

    "@esbuild/android-arm64": ["@esbuild/android-arm64@0.27.2", "", { "os": "android", "cpu": "arm64" }, "sha512-pvz8ZZ7ot/RBphf8fv60ljmaoydPU12VuXHImtAs0XhLLw+EXBi2BLe3OYSBslR4rryHvweW5gmkKFwTiFy6KA=="],

    "@esbuild/android-x64": ["@esbuild/android-x64@0.27.2", "", { "os": "android", "cpu": "x64" }, "sha512-z8Ank4Byh4TJJOh4wpz8g2vDy75zFL0TlZlkUkEwYXuPSgX8yzep596n6mT7905kA9uHZsf/o2OJZubl2l3M7A=="],

    "@esbuild/darwin-arm64": ["@esbuild/darwin-arm64@0.27.2", "", { "os": "darwin", "cpu": "arm64" }, "sha512-davCD2Zc80nzDVRwXTcQP/28fiJbcOwvdolL0sOiOsbwBa72kegmVU0Wrh1MYrbuCL98Omp5dVhQFWRKR2ZAlg=="],

    "@esbuild/darwin-x64": ["@esbuild/darwin-x64@0.27.2", "", { "os": "darwin", "cpu": "x64" }, "sha512-ZxtijOmlQCBWGwbVmwOF/UCzuGIbUkqB1faQRf5akQmxRJ1ujusWsb3CVfk/9iZKr2L5SMU5wPBi1UWbvL+VQA=="],

    "@esbuild/freebsd-arm64": ["@esbuild/freebsd-arm64@0.27.2", "", { "os": "freebsd", "cpu": "arm64" }, "sha512-lS/9CN+rgqQ9czogxlMcBMGd+l8Q3Nj1MFQwBZJyoEKI50XGxwuzznYdwcav6lpOGv5BqaZXqvBSiB/kJ5op+g=="],

    "@esbuild/freebsd-x64": ["@esbuild/freebsd-x64@0.27.2", "", { "os": "freebsd", "cpu": "x64" }, "sha512-tAfqtNYb4YgPnJlEFu4c212HYjQWSO/w/h/lQaBK7RbwGIkBOuNKQI9tqWzx7Wtp7bTPaGC6MJvWI608P3wXYA=="],

    "@esbuild/linux-arm": ["@esbuild/linux-arm@0.27.2", "", { "os": "linux", "cpu": "arm" }, "sha512-vWfq4GaIMP9AIe4yj1ZUW18RDhx6EPQKjwe7n8BbIecFtCQG4CfHGaHuh7fdfq+y3LIA2vGS/o9ZBGVxIDi9hw=="],

    "@esbuild/linux-arm64": ["@esbuild/linux-arm64@0.27.2", "", { "os": "linux", "cpu": "arm64" }, "sha512-hYxN8pr66NsCCiRFkHUAsxylNOcAQaxSSkHMMjcpx0si13t1LHFphxJZUiGwojB1a/Hd5OiPIqDdXONia6bhTw=="],

    "@esbuild/linux-ia32": ["@esbuild/linux-ia32@0.27.2", "", { "os": "linux", "cpu": "ia32" }, "sha512-MJt5BRRSScPDwG2hLelYhAAKh9imjHK5+NE/tvnRLbIqUWa+0E9N4WNMjmp/kXXPHZGqPLxggwVhz7QP8CTR8w=="],

    "@esbuild/linux-loong64": ["@esbuild/linux-loong64@0.27.2", "", { "os": "linux", "cpu": "none" }, "sha512-lugyF1atnAT463aO6KPshVCJK5NgRnU4yb3FUumyVz+cGvZbontBgzeGFO1nF+dPueHD367a2ZXe1NtUkAjOtg=="],

    "@esbuild/linux-mips64el": ["@esbuild/linux-mips64el@0.27.2", "", { "os": "linux", "cpu": "none" }, "sha512-nlP2I6ArEBewvJ2gjrrkESEZkB5mIoaTswuqNFRv/WYd+ATtUpe9Y09RnJvgvdag7he0OWgEZWhviS1OTOKixw=="],

    "@esbuild/linux-ppc64": ["@esbuild/linux-ppc64@0.27.2", "", { "os": "linux", "cpu": "ppc64" }, "sha512-C92gnpey7tUQONqg1n6dKVbx3vphKtTHJaNG2Ok9lGwbZil6DrfyecMsp9CrmXGQJmZ7iiVXvvZH6Ml5hL6XdQ=="],

    "@esbuild/linux-riscv64": ["@esbuild/linux-riscv64@0.27.2", "", { "os": "linux", "cpu": "none" }, "sha512-B5BOmojNtUyN8AXlK0QJyvjEZkWwy/FKvakkTDCziX95AowLZKR6aCDhG7LeF7uMCXEJqwa8Bejz5LTPYm8AvA=="],

    "@esbuild/linux-s390x": ["@esbuild/linux-s390x@0.27.2", "", { "os": "linux", "cpu": "s390x" }, "sha512-p4bm9+wsPwup5Z8f4EpfN63qNagQ47Ua2znaqGH6bqLlmJ4bx97Y9JdqxgGZ6Y8xVTixUnEkoKSHcpRlDnNr5w=="],

    "@esbuild/linux-x64": ["@esbuild/linux-x64@0.27.2", "", { "os": "linux", "cpu": "x64" }, "sha512-uwp2Tip5aPmH+NRUwTcfLb+W32WXjpFejTIOWZFw/v7/KnpCDKG66u4DLcurQpiYTiYwQ9B7KOeMJvLCu/OvbA=="],

    "@esbuild/netbsd-arm64": ["@esbuild/netbsd-arm64@0.27.2", "", { "os": "none", "cpu": "arm64" }, "sha512-Kj6DiBlwXrPsCRDeRvGAUb/LNrBASrfqAIok+xB0LxK8CHqxZ037viF13ugfsIpePH93mX7xfJp97cyDuTZ3cw=="],

    "@esbuild/netbsd-x64": ["@esbuild/netbsd-x64@0.27.2", "", { "os": "none", "cpu": "x64" }, "sha512-HwGDZ0VLVBY3Y+Nw0JexZy9o/nUAWq9MlV7cahpaXKW6TOzfVno3y3/M8Ga8u8Yr7GldLOov27xiCnqRZf0tCA=="],

    "@esbuild/openbsd-arm64": ["@esbuild/openbsd-arm64@0.27.2", "", { "os": "openbsd", "cpu": "arm64" }, "sha512-DNIHH2BPQ5551A7oSHD0CKbwIA/Ox7+78/AWkbS5QoRzaqlev2uFayfSxq68EkonB+IKjiuxBFoV8ESJy8bOHA=="],

    "@esbuild/openbsd-x64": ["@esbuild/openbsd-x64@0.27.2", "", { "os": "openbsd", "cpu": "x64" }, "sha512-/it7w9Nb7+0KFIzjalNJVR5bOzA9Vay+yIPLVHfIQYG/j+j9VTH84aNB8ExGKPU4AzfaEvN9/V4HV+F+vo8OEg=="],

    "@esbuild/openharmony-arm64": ["@esbuild/openharmony-arm64@0.27.2", "", { "os": "none", "cpu": "arm64" }, "sha512-LRBbCmiU51IXfeXk59csuX/aSaToeG7w48nMwA6049Y4J4+VbWALAuXcs+qcD04rHDuSCSRKdmY63sruDS5qag=="],

    "@esbuild/sunos-x64": ["@esbuild/sunos-x64@0.27.2", "", { "os": "sunos", "cpu": "x64" }, "sha512-kMtx1yqJHTmqaqHPAzKCAkDaKsffmXkPHThSfRwZGyuqyIeBvf08KSsYXl+abf5HDAPMJIPnbBfXvP2ZC2TfHg=="],

    "@esbuild/win32-arm64": ["@esbuild/win32-arm64@0.27.2", "", { "os": "win32", "cpu": "arm64" }, "sha512-Yaf78O/B3Kkh+nKABUF++bvJv5Ijoy9AN1ww904rOXZFLWVc5OLOfL56W+C8F9xn5JQZa3UX6m+IktJnIb1Jjg=="],

    "@esbuild/win32-ia32": ["@esbuild/win32-ia32@0.27.2", "", { "os": "win32", "cpu": "ia32" }, "sha512-Iuws0kxo4yusk7sw70Xa2E2imZU5HoixzxfGCdxwBdhiDgt9vX9VUCBhqcwY7/uh//78A1hMkkROMJq9l27oLQ=="],

    "@esbuild/win32-x64": ["@esbuild/win32-x64@0.27.2", "", { "os": "win32", "cpu": "x64" }, "sha512-sRdU18mcKf7F+YgheI/zGf5alZatMUTKj/jNS6l744f9u3WFu4v7twcUI9vu4mknF4Y9aDlblIie0IM+5xxaqQ=="],

    "@jridgewell/gen-mapping": ["@jridgewell/gen-mapping@0.3.13", "", { "dependencies": { "@jridgewell/sourcemap-codec": "^1.5.0", "@jridgewell/trace-mapping": "^0.3.24" } }, "sha512-2kkt/7niJ6MgEPxF0bYdQ6etZaA+fQvDcLKckhy1yIQOzaoKjBBjSj63/aLVjYE3qhRt5dvM+uUyfCg6UKCBbA=="],

    "@jridgewell/remapping": ["@jridgewell/remapping@2.3.5", "", { "dependencies": { "@jridgewell/gen-mapping": "^0.3.5", "@jridgewell/trace-mapping": "^0.3.24" } }, "sha512-LI9u/+laYG4Ds1TDKSJW2YPrIlcVYOwi2fUC6xB43lueCjgxV4lffOCZCtYFiH6TNOX+tQKXx97T4IKHbhyHEQ=="],

    "@jridgewell/resolve-uri": ["@jridgewell/resolve-uri@3.1.2", "", {}, "sha512-bRISgCIjP20/tbWSPWMEi54QVPRZExkuD9lJL+UIxUKtwVJA8wW1Trb1jMs1RFXo1CBTNZ/5hpC9QvmKWdopKw=="],

    "@jridgewell/sourcemap-codec": ["@jridgewell/sourcemap-codec@1.5.5", "", {}, "sha512-cYQ9310grqxueWbl+WuIUIaiUaDcj7WOq5fVhEljNVgRfOUhY9fy2zTvfoqWsnebh8Sl70VScFbICvJnLKB0Og=="],

    "@jridgewell/trace-mapping": ["@jridgewell/trace-mapping@0.3.30", "", { "dependencies": { "@jridgewell/resolve-uri": "^3.1.0", "@jridgewell/sourcemap-codec": "^1.4.14" } }, "sha512-GQ7Nw5G2lTu/BtHTKfXhKHok2WGetd4XYcVKGx00SjAk8GMwgJM3zr6zORiPGuOE+/vkc90KtTosSSvaCjKb2Q=="],

    "@polka/url": ["@polka/url@1.0.0-next.29", "", {}, "sha512-wwQAWhWSuHaag8c4q/KN/vCoeOJYshAIvMQwD4GpSb3OiZklFfvAgmj0VCBBImRpuF/aFgIRzllXlVX93Jevww=="],

    "@rollup/rollup-android-arm-eabi": ["@rollup/rollup-android-arm-eabi@4.49.0", "", { "os": "android", "cpu": "arm" }, "sha512-rlKIeL854Ed0e09QGYFlmDNbka6I3EQFw7iZuugQjMb11KMpJCLPFL4ZPbMfaEhLADEL1yx0oujGkBQ7+qW3eA=="],

    "@rollup/rollup-android-arm64": ["@rollup/rollup-android-arm64@4.49.0", "", { "os": "android", "cpu": "arm64" }, "sha512-cqPpZdKUSQYRtLLr6R4X3sD4jCBO1zUmeo3qrWBCqYIeH8Q3KRL4F3V7XJ2Rm8/RJOQBZuqzQGWPjjvFUcYa/w=="],

    "@rollup/rollup-darwin-arm64": ["@rollup/rollup-darwin-arm64@4.49.0", "", { "os": "darwin", "cpu": "arm64" }, "sha512-99kMMSMQT7got6iYX3yyIiJfFndpojBmkHfTc1rIje8VbjhmqBXE+nb7ZZP3A5skLyujvT0eIUCUsxAe6NjWbw=="],

    "@rollup/rollup-darwin-x64": ["@rollup/rollup-darwin-x64@4.49.0", "", { "os": "darwin", "cpu": "x64" }, "sha512-y8cXoD3wdWUDpjOLMKLx6l+NFz3NlkWKcBCBfttUn+VGSfgsQ5o/yDUGtzE9HvsodkP0+16N0P4Ty1VuhtRUGg=="],

    "@rollup/rollup-freebsd-arm64": ["@rollup/rollup-freebsd-arm64@4.49.0", "", { "os": "freebsd", "cpu": "arm64" }, "sha512-3mY5Pr7qv4GS4ZvWoSP8zha8YoiqrU+e0ViPvB549jvliBbdNLrg2ywPGkgLC3cmvN8ya3za+Q2xVyT6z+vZqA=="],

    "@rollup/rollup-freebsd-x64": ["@rollup/rollup-freebsd-x64@4.49.0", "", { "os": "freebsd", "cpu": "x64" }, "sha512-C9KzzOAQU5gU4kG8DTk+tjdKjpWhVWd5uVkinCwwFub2m7cDYLOdtXoMrExfeBmeRy9kBQMkiyJ+HULyF1yj9w=="],

    "@rollup/rollup-linux-arm-gnueabihf": ["@rollup/rollup-linux-arm-gnueabihf@4.49.0", "", { "os": "linux", "cpu": "arm" }, "sha512-OVSQgEZDVLnTbMq5NBs6xkmz3AADByCWI4RdKSFNlDsYXdFtlxS59J+w+LippJe8KcmeSSM3ba+GlsM9+WwC1w=="],

    "@rollup/rollup-linux-arm-musleabihf": ["@rollup/rollup-linux-arm-musleabihf@4.49.0", "", { "os": "linux", "cpu": "arm" }, "sha512-ZnfSFA7fDUHNa4P3VwAcfaBLakCbYaxCk0jUnS3dTou9P95kwoOLAMlT3WmEJDBCSrOEFFV0Y1HXiwfLYJuLlA=="],

    "@rollup/rollup-linux-arm64-gnu": ["@rollup/rollup-linux-arm64-gnu@4.49.0", "", { "os": "linux", "cpu": "arm64" }, "sha512-Z81u+gfrobVK2iV7GqZCBfEB1y6+I61AH466lNK+xy1jfqFLiQ9Qv716WUM5fxFrYxwC7ziVdZRU9qvGHkYIJg=="],

    "@rollup/rollup-linux-arm64-musl": ["@rollup/rollup-linux-arm64-musl@4.49.0", "", { "os": "linux", "cpu": "arm64" }, "sha512-zoAwS0KCXSnTp9NH/h9aamBAIve0DXeYpll85shf9NJ0URjSTzzS+Z9evmolN+ICfD3v8skKUPyk2PO0uGdFqg=="],

    "@rollup/rollup-linux-loongarch64-gnu": ["@rollup/rollup-linux-loongarch64-gnu@4.49.0", "", { "os": "linux", "cpu": "none" }, "sha512-2QyUyQQ1ZtwZGiq0nvODL+vLJBtciItC3/5cYN8ncDQcv5avrt2MbKt1XU/vFAJlLta5KujqyHdYtdag4YEjYQ=="],

    "@rollup/rollup-linux-ppc64-gnu": ["@rollup/rollup-linux-ppc64-gnu@4.49.0", "", { "os": "linux", "cpu": "ppc64" }, "sha512-k9aEmOWt+mrMuD3skjVJSSxHckJp+SiFzFG+v8JLXbc/xi9hv2icSkR3U7uQzqy+/QbbYY7iNB9eDTwrELo14g=="],

    "@rollup/rollup-linux-riscv64-gnu": ["@rollup/rollup-linux-riscv64-gnu@4.49.0", "", { "os": "linux", "cpu": "none" }, "sha512-rDKRFFIWJ/zJn6uk2IdYLc09Z7zkE5IFIOWqpuU0o6ZpHcdniAyWkwSUWE/Z25N/wNDmFHHMzin84qW7Wzkjsw=="],

    "@rollup/rollup-linux-riscv64-musl": ["@rollup/rollup-linux-riscv64-musl@4.49.0", "", { "os": "linux", "cpu": "none" }, "sha512-FkkhIY/hYFVnOzz1WeV3S9Bd1h0hda/gRqvZCMpHWDHdiIHn6pqsY3b5eSbvGccWHMQ1uUzgZTKS4oGpykf8Tw=="],

    "@rollup/rollup-linux-s390x-gnu": ["@rollup/rollup-linux-s390x-gnu@4.49.0", "", { "os": "linux", "cpu": "s390x" }, "sha512-gRf5c+A7QiOG3UwLyOOtyJMD31JJhMjBvpfhAitPAoqZFcOeK3Kc1Veg1z/trmt+2P6F/biT02fU19GGTS529A=="],

    "@rollup/rollup-linux-x64-gnu": ["@rollup/rollup-linux-x64-gnu@4.49.0", "", { "os": "linux", "cpu": "x64" }, "sha512-BR7+blScdLW1h/2hB/2oXM+dhTmpW3rQt1DeSiCP9mc2NMMkqVgjIN3DDsNpKmezffGC9R8XKVOLmBkRUcK/sA=="],

    "@rollup/rollup-linux-x64-musl": ["@rollup/rollup-linux-x64-musl@4.49.0", "", { "os": "linux", "cpu": "x64" }, "sha512-hDMOAe+6nX3V5ei1I7Au3wcr9h3ktKzDvF2ne5ovX8RZiAHEtX1A5SNNk4zt1Qt77CmnbqT+upb/umzoPMWiPg=="],

    "@rollup/rollup-win32-arm64-msvc": ["@rollup/rollup-win32-arm64-msvc@4.49.0", "", { "os": "win32", "cpu": "arm64" }, "sha512-wkNRzfiIGaElC9kXUT+HLx17z7D0jl+9tGYRKwd8r7cUqTL7GYAvgUY++U2hK6Ar7z5Z6IRRoWC8kQxpmM7TDA=="],

    "@rollup/rollup-win32-ia32-msvc": ["@rollup/rollup-win32-ia32-msvc@4.49.0", "", { "os": "win32", "cpu": "ia32" }, "sha512-gq5aW/SyNpjp71AAzroH37DtINDcX1Qw2iv9Chyz49ZgdOP3NV8QCyKZUrGsYX9Yyggj5soFiRCgsL3HwD8TdA=="],

    "@rollup/rollup-win32-x64-msvc": ["@rollup/rollup-win32-x64-msvc@4.49.0", "", { "os": "win32", "cpu": "x64" }, "sha512-gEtqFbzmZLFk2xKh7g0Rlo8xzho8KrEFEkzvHbfUGkrgXOpZ4XagQ6n+wIZFNh1nTb8UD16J4nFSFKXYgnbdBg=="],

    "@standard-schema/spec": ["@standard-schema/spec@1.0.0", "", {}, "sha512-m2bOd0f2RT9k8QJx1JN85cZYyH1RqFBdlwtkSlf4tBDYLCiiZnv1fIIwacK6cqwXavOydf0NPToMQgpKq+dVlA=="],

    "@sveltejs/acorn-typescript": ["@sveltejs/acorn-typescript@1.0.5", "", { "peerDependencies": { "acorn": "^8.9.0" } }, "sha512-IwQk4yfwLdibDlrXVE04jTZYlLnwsTT2PIOQQGNLWfjavGifnk1JD1LcZjZaBTRcxZu2FfPfNLOE04DSu9lqtQ=="],

    "@sveltejs/adapter-auto": ["@sveltejs/adapter-auto@7.0.0", "", { "peerDependencies": { "@sveltejs/kit": "^2.0.0" } }, "sha512-ImDWaErTOCkRS4Gt+5gZuymKFBobnhChXUZ9lhUZLahUgvA4OOvRzi3sahzYgbxGj5nkA6OV0GAW378+dl/gyw=="],

    "@sveltejs/kit": ["@sveltejs/kit@2.50.0", "", { "dependencies": { "@standard-schema/spec": "^1.0.0", "@sveltejs/acorn-typescript": "^1.0.5", "@types/cookie": "^0.6.0", "acorn": "^8.14.1", "cookie": "^0.6.0", "devalue": "^5.6.2", "esm-env": "^1.2.2", "kleur": "^4.1.5", "magic-string": "^0.30.5", "mrmime": "^2.0.0", "sade": "^1.8.1", "set-cookie-parser": "^2.6.0", "sirv": "^3.0.0" }, "peerDependencies": { "@opentelemetry/api": "^1.0.0", "@sveltejs/vite-plugin-svelte": "^3.0.0 || ^4.0.0-next.1 || ^5.0.0 || ^6.0.0-next.0", "svelte": "^4.0.0 || ^5.0.0-next.0", "typescript": "^5.3.3", "vite": "^5.0.3 || ^6.0.0 || ^7.0.0-beta.0" }, "optionalPeers": ["@opentelemetry/api", "typescript"], "bin": { "svelte-kit": "svelte-kit.js" } }, "sha512-Hj8sR8O27p2zshFEIJzsvfhLzxga/hWw6tRLnBjMYw70m1aS9BSYCqAUtzDBjRREtX1EvLMYgaC0mYE3Hz4KWA=="],

    "@sveltejs/vite-plugin-svelte": ["@sveltejs/vite-plugin-svelte@6.2.4", "", { "dependencies": { "@sveltejs/vite-plugin-svelte-inspector": "^5.0.0", "deepmerge": "^4.3.1", "magic-string": "^0.30.21", "obug": "^2.1.0", "vitefu": "^1.1.1" }, "peerDependencies": { "svelte": "^5.0.0", "vite": "^6.3.0 || ^7.0.0" } }, "sha512-ou/d51QSdTyN26D7h6dSpusAKaZkAiGM55/AKYi+9AGZw7q85hElbjK3kEyzXHhLSnRISHOYzVge6x0jRZ7DXA=="],

    "@sveltejs/vite-plugin-svelte-inspector": ["@sveltejs/vite-plugin-svelte-inspector@5.0.1", "", { "dependencies": { "debug": "^4.4.1" }, "peerDependencies": { "@sveltejs/vite-plugin-svelte": "^6.0.0-next.0", "svelte": "^5.0.0", "vite": "^6.3.0 || ^7.0.0" } }, "sha512-ubWshlMk4bc8mkwWbg6vNvCeT7lGQojE3ijDh3QTR6Zr/R+GXxsGbyH4PExEPpiFmqPhYiVSVmHBjUcVc1JIrA=="],

    "@tsparticles/basic": ["@tsparticles/basic@3.9.1", "", { "dependencies": { "@tsparticles/engine": "3.9.1", "@tsparticles/move-base": "3.9.1", "@tsparticles/plugin-hex-color": "3.9.1", "@tsparticles/plugin-hsl-color": "3.9.1", "@tsparticles/plugin-rgb-color": "3.9.1", "@tsparticles/shape-circle": "3.9.1", "@tsparticles/updater-color": "3.9.1", "@tsparticles/updater-opacity": "3.9.1", "@tsparticles/updater-out-modes": "3.9.1", "@tsparticles/updater-size": "3.9.1" } }, "sha512-ijr2dHMx0IQHqhKW3qA8tfwrR2XYbbWYdaJMQuBo2CkwBVIhZ76U+H20Y492j/NXpd1FUnt2aC0l4CEVGVGdeQ=="],

    "@tsparticles/engine": ["@tsparticles/engine@3.9.1", "", {}, "sha512-DpdgAhWMZ3Eh2gyxik8FXS6BKZ8vyea+Eu5BC4epsahqTGY9V3JGGJcXC6lRJx6cPMAx1A0FaQAojPF3v6rkmQ=="],

    "@tsparticles/interaction-external-attract": ["@tsparticles/interaction-external-attract@3.9.1", "", { "dependencies": { "@tsparticles/engine": "3.9.1" } }, "sha512-5AJGmhzM9o4AVFV24WH5vSqMBzOXEOzIdGLIr+QJf4fRh9ZK62snsusv/ozKgs2KteRYQx+L7c5V3TqcDy2upg=="],

    "@tsparticles/interaction-external-bounce": ["@tsparticles/interaction-external-bounce@3.9.1", "", { "dependencies": { "@tsparticles/engine": "3.9.1" } }, "sha512-bv05+h70UIHOTWeTsTI1AeAmX6R3s8nnY74Ea6p6AbQjERzPYIa0XY19nq/hA7+Nrg+EissP5zgoYYeSphr85A=="],

    "@tsparticles/interaction-external-bubble": ["@tsparticles/interaction-external-bubble@3.9.1", "", { "dependencies": { "@tsparticles/engine": "3.9.1" } }, "sha512-tbd8ox/1GPl+zr+KyHQVV1bW88GE7OM6i4zql801YIlCDrl9wgTDdDFGIy9X7/cwTvTrCePhrfvdkUamXIribQ=="],

    "@tsparticles/interaction-external-connect": ["@tsparticles/interaction-external-connect@3.9.1", "", { "dependencies": { "@tsparticles/engine": "3.9.1" } }, "sha512-sq8YfUNsIORjXHzzW7/AJQtfi/qDqLnYG2qOSE1WOsog39MD30RzmiOloejOkfNeUdcGUcfsDgpUuL3UhzFUOA=="],

    "@tsparticles/interaction-external-grab": ["@tsparticles/interaction-external-grab@3.9.1", "", { "dependencies": { "@tsparticles/engine": "3.9.1" } }, "sha512-QwXza+sMMWDaMiFxd8y2tJwUK6c+nNw554+/9+tEZeTTk2fCbB0IJ7p/TH6ZGWDL0vo2muK54Njv2fEey191ow=="],

    "@tsparticles/interaction-external-pause": ["@tsparticles/interaction-external-pause@3.9.1", "", { "dependencies": { "@tsparticles/engine": "3.9.1" } }, "sha512-Gzv4/FeNir0U/tVM9zQCqV1k+IAgaFjDU3T30M1AeAsNGh/rCITV2wnT7TOGFkbcla27m4Yxa+Fuab8+8pzm+g=="],

    "@tsparticles/interaction-external-push": ["@tsparticles/interaction-external-push@3.9.1", "", { "dependencies": { "@tsparticles/engine": "3.9.1" } }, "sha512-GvnWF9Qy4YkZdx+WJL2iy9IcgLvzOIu3K7aLYJFsQPaxT8d9TF8WlpoMlWKnJID6H5q4JqQuMRKRyWH8aAKyQw=="],

    "@tsparticles/interaction-external-remove": ["@tsparticles/interaction-external-remove@3.9.1", "", { "dependencies": { "@tsparticles/engine": "3.9.1" } }, "sha512-yPThm4UDWejDOWW5Qc8KnnS2EfSo5VFcJUQDWc1+Wcj17xe7vdSoiwwOORM0PmNBzdDpSKQrte/gUnoqaUMwOA=="],

    "@tsparticles/interaction-external-repulse": ["@tsparticles/interaction-external-repulse@3.9.1", "", { "dependencies": { "@tsparticles/engine": "3.9.1" } }, "sha512-/LBppXkrMdvLHlEKWC7IykFhzrz+9nebT2fwSSFXK4plEBxDlIwnkDxd3FbVOAbnBvx4+L8+fbrEx+RvC8diAw=="],

    "@tsparticles/interaction-external-slow": ["@tsparticles/interaction-external-slow@3.9.1", "", { "dependencies": { "@tsparticles/engine": "3.9.1" } }, "sha512-1ZYIR/udBwA9MdSCfgADsbDXKSFS0FMWuPWz7bm79g3sUxcYkihn+/hDhc6GXvNNR46V1ocJjrj0u6pAynS1KQ=="],

    "@tsparticles/interaction-particles-attract": ["@tsparticles/interaction-particles-attract@3.9.1", "", { "dependencies": { "@tsparticles/engine": "3.9.1" } }, "sha512-CYYYowJuGwRLUixQcSU/48PTKM8fCUYThe0hXwQ+yRMLAn053VHzL7NNZzKqEIeEyt5oJoy9KcvubjKWbzMBLQ=="],

    "@tsparticles/interaction-particles-collisions": ["@tsparticles/interaction-particles-collisions@3.9.1", "", { "dependencies": { "@tsparticles/engine": "3.9.1" } }, "sha512-ggGyjW/3v1yxvYW1IF1EMT15M6w31y5zfNNUPkqd/IXRNPYvm0Z0ayhp+FKmz70M5p0UxxPIQHTvAv9Jqnuj8w=="],

    "@tsparticles/interaction-particles-links": ["@tsparticles/interaction-particles-links@3.9.1", "", { "dependencies": { "@tsparticles/engine": "3.9.1" } }, "sha512-MsLbMjy1vY5M5/hu/oa5OSRZAUz49H3+9EBMTIOThiX+a+vpl3sxc9AqNd9gMsPbM4WJlub8T6VBZdyvzez1Vg=="],

    "@tsparticles/move-base": ["@tsparticles/move-base@3.9.1", "", { "dependencies": { "@tsparticles/engine": "3.9.1" } }, "sha512-X4huBS27d8srpxwOxliWPUt+NtCwY+8q/cx1DvQxyqmTA8VFCGpcHNwtqiN+9JicgzOvSuaORVqUgwlsc7h4pQ=="],

    "@tsparticles/move-parallax": ["@tsparticles/move-parallax@3.9.1", "", { "dependencies": { "@tsparticles/engine": "3.9.1" } }, "sha512-whlOR0bVeyh6J/hvxf/QM3DqvNnITMiAQ0kro6saqSDItAVqg4pYxBfEsSOKq7EhjxNvfhhqR+pFMhp06zoCVA=="],

    "@tsparticles/plugin-easing-quad": ["@tsparticles/plugin-easing-quad@3.9.1", "", { "dependencies": { "@tsparticles/engine": "3.9.1" } }, "sha512-C2UJOca5MTDXKUTBXj30Kiqr5UyID+xrY/LxicVWWZPczQW2bBxbIbfq9ULvzGDwBTxE2rdvIB8YFKmDYO45qw=="],

    "@tsparticles/plugin-hex-color": ["@tsparticles/plugin-hex-color@3.9.1", "", { "dependencies": { "@tsparticles/engine": "3.9.1" } }, "sha512-vZgZ12AjUicJvk7AX4K2eAmKEQX/D1VEjEPFhyjbgI7A65eX72M465vVKIgNA6QArLZ1DLs7Z787LOE6GOBWsg=="],

    "@tsparticles/plugin-hsl-color": ["@tsparticles/plugin-hsl-color@3.9.1", "", { "dependencies": { "@tsparticles/engine": "3.9.1" } }, "sha512-jJd1iGgRwX6eeNjc1zUXiJivaqC5UE+SC2A3/NtHwwoQrkfxGWmRHOsVyLnOBRcCPgBp/FpdDe6DIDjCMO715w=="],

    "@tsparticles/plugin-rgb-color": ["@tsparticles/plugin-rgb-color@3.9.1", "", { "dependencies": { "@tsparticles/engine": "3.9.1" } }, "sha512-SBxk7f1KBfXeTnnklbE2Hx4jBgh6I6HOtxb+Os1gTp0oaghZOkWcCD2dP4QbUu7fVNCMOcApPoMNC8RTFcy9wQ=="],

    "@tsparticles/shape-circle": ["@tsparticles/shape-circle@3.9.1", "", { "dependencies": { "@tsparticles/engine": "3.9.1" } }, "sha512-DqZFLjbuhVn99WJ+A9ajz9YON72RtCcvubzq6qfjFmtwAK7frvQeb6iDTp6Ze9FUipluxVZWVRG4vWTxi2B+/g=="],

    "@tsparticles/shape-emoji": ["@tsparticles/shape-emoji@3.9.1", "", { "dependencies": { "@tsparticles/engine": "3.9.1" } }, "sha512-ifvY63usuT+hipgVHb8gelBHSeF6ryPnMxAAEC1RGHhhXfpSRWMtE6ybr+pSsYU52M3G9+TF84v91pSwNrb9ZQ=="],

    "@tsparticles/shape-image": ["@tsparticles/shape-image@3.9.1", "", { "dependencies": { "@tsparticles/engine": "3.9.1" } }, "sha512-fCA5eme8VF3oX8yNVUA0l2SLDKuiZObkijb0z3Ky0qj1HUEVlAuEMhhNDNB9E2iELTrWEix9z7BFMePp2CC7AA=="],

    "@tsparticles/shape-line": ["@tsparticles/shape-line@3.9.1", "", { "dependencies": { "@tsparticles/engine": "3.9.1" } }, "sha512-wT8NSp0N9HURyV05f371cHKcNTNqr0/cwUu6WhBzbshkYGy1KZUP9CpRIh5FCrBpTev34mEQfOXDycgfG0KiLQ=="],

    "@tsparticles/shape-polygon": ["@tsparticles/shape-polygon@3.9.1", "", { "dependencies": { "@tsparticles/engine": "3.9.1" } }, "sha512-dA77PgZdoLwxnliH6XQM/zF0r4jhT01pw5y7XTeTqws++hg4rTLV9255k6R6eUqKq0FPSW1/WBsBIl7q/MmrqQ=="],

    "@tsparticles/shape-square": ["@tsparticles/shape-square@3.9.1", "", { "dependencies": { "@tsparticles/engine": "3.9.1" } }, "sha512-DKGkDnRyZrAm7T2ipqNezJahSWs6xd9O5LQLe5vjrYm1qGwrFxJiQaAdlb00UNrexz1/SA7bEoIg4XKaFa7qhQ=="],

    "@tsparticles/shape-star": ["@tsparticles/shape-star@3.9.1", "", { "dependencies": { "@tsparticles/engine": "3.9.1" } }, "sha512-kdMJpi8cdeb6vGrZVSxTG0JIjCwIenggqk0EYeKAwtOGZFBgL7eHhF2F6uu1oq8cJAbXPujEoabnLsz6mW8XaA=="],

    "@tsparticles/slim": ["@tsparticles/slim@3.9.1", "", { "dependencies": { "@tsparticles/basic": "3.9.1", "@tsparticles/engine": "3.9.1", "@tsparticles/interaction-external-attract": "3.9.1", "@tsparticles/interaction-external-bounce": "3.9.1", "@tsparticles/interaction-external-bubble": "3.9.1", "@tsparticles/interaction-external-connect": "3.9.1", "@tsparticles/interaction-external-grab": "3.9.1", "@tsparticles/interaction-external-pause": "3.9.1", "@tsparticles/interaction-external-push": "3.9.1", "@tsparticles/interaction-external-remove": "3.9.1", "@tsparticles/interaction-external-repulse": "3.9.1", "@tsparticles/interaction-external-slow": "3.9.1", "@tsparticles/interaction-particles-attract": "3.9.1", "@tsparticles/interaction-particles-collisions": "3.9.1", "@tsparticles/interaction-particles-links": "3.9.1", "@tsparticles/move-parallax": "3.9.1", "@tsparticles/plugin-easing-quad": "3.9.1", "@tsparticles/shape-emoji": "3.9.1", "@tsparticles/shape-image": "3.9.1", "@tsparticles/shape-line": "3.9.1", "@tsparticles/shape-polygon": "3.9.1", "@tsparticles/shape-square": "3.9.1", "@tsparticles/shape-star": "3.9.1", "@tsparticles/updater-life": "3.9.1", "@tsparticles/updater-rotate": "3.9.1", "@tsparticles/updater-stroke-color": "3.9.1" } }, "sha512-CL5cDmADU7sDjRli0So+hY61VMbdroqbArmR9Av+c1Fisa5ytr6QD7Jv62iwU2S6rvgicEe9OyRmSy5GIefwZw=="],

    "@tsparticles/svelte": ["@tsparticles/svelte@3.1.1", "", { "dependencies": { "@tsparticles/engine": "^3.4.0" }, "peerDependencies": { "svelte": "^4.2.17" } }, "sha512-/1o/XcZdxbVR4n1Bmj3TVkUjGxZcN3BgQ3CAPX+m+/7Vw9n0kOuQ/28xqLDgfRJCf0ZETCmyhv0m6k7TwbyG3Q=="],

    "@tsparticles/updater-color": ["@tsparticles/updater-color@3.9.1", "", { "dependencies": { "@tsparticles/engine": "3.9.1" } }, "sha512-XGWdscrgEMA8L5E7exsE0f8/2zHKIqnTrZymcyuFBw2DCB6BIV+5z6qaNStpxrhq3DbIxxhqqcybqeOo7+Alpg=="],

    "@tsparticles/updater-life": ["@tsparticles/updater-life@3.9.1", "", { "dependencies": { "@tsparticles/engine": "3.9.1" } }, "sha512-Oi8aF2RIwMMsjssUkCB6t3PRpENHjdZf6cX92WNfAuqXtQphr3OMAkYFJFWkvyPFK22AVy3p/cFt6KE5zXxwAA=="],

    "@tsparticles/updater-opacity": ["@tsparticles/updater-opacity@3.9.1", "", { "dependencies": { "@tsparticles/engine": "3.9.1" } }, "sha512-w778LQuRZJ+IoWzeRdrGykPYSSaTeWfBvLZ2XwYEkh/Ss961InOxZKIpcS6i5Kp/Zfw0fS1ZAuqeHwuj///Osw=="],

    "@tsparticles/updater-out-modes": ["@tsparticles/updater-out-modes@3.9.1", "", { "dependencies": { "@tsparticles/engine": "3.9.1" } }, "sha512-cKQEkAwbru+hhKF+GTsfbOvuBbx2DSB25CxOdhtW2wRvDBoCnngNdLw91rs+0Cex4tgEeibkebrIKFDDE6kELg=="],

    "@tsparticles/updater-rotate": ["@tsparticles/updater-rotate@3.9.1", "", { "dependencies": { "@tsparticles/engine": "3.9.1" } }, "sha512-9BfKaGfp28JN82MF2qs6Ae/lJr9EColMfMTHqSKljblwbpVDHte4umuwKl3VjbRt87WD9MGtla66NTUYl+WxuQ=="],

    "@tsparticles/updater-size": ["@tsparticles/updater-size@3.9.1", "", { "dependencies": { "@tsparticles/engine": "3.9.1" } }, "sha512-3NSVs0O2ApNKZXfd+y/zNhTXSFeG1Pw4peI8e6z/q5+XLbmue9oiEwoPy/tQLaark3oNj3JU7Q903ZijPyXSzw=="],

    "@tsparticles/updater-stroke-color": ["@tsparticles/updater-stroke-color@3.9.1", "", { "dependencies": { "@tsparticles/engine": "3.9.1" } }, "sha512-3x14+C2is9pZYTg9T2TiA/aM1YMq4wLdYaZDcHm3qO30DZu5oeQq0rm/6w+QOGKYY1Z3Htg9rlSUZkhTHn7eDA=="],

    "@types/cookie": ["@types/cookie@0.6.0", "", {}, "sha512-4Kh9a6B2bQciAhf7FSuMRRkUWecJgJu9nPnx3yzpsfXX/c50REIqpHY4C82bXP90qrLtXtkDxTZosYO3UpOwlA=="],

    "@types/estree": ["@types/estree@1.0.8", "", {}, "sha512-dWHzHa2WqEXI/O1E9OjrocMTKJl2mSrEolh1Iomrv6U+JuNwaHXsXx9bLu5gG7BUWFIN0skIQJQ/L1rIex4X6w=="],

    "acorn": ["acorn@8.15.0", "", { "bin": "bin/acorn" }, "sha512-NZyJarBfL7nWwIq+FDL6Zp/yHEhePMNnnJ0y3qfieCrmNvYct8uvtiV41UvlSe6apAfk0fY1FbWx+NwfmpvtTg=="],

    "aria-query": ["aria-query@5.3.2", "", {}, "sha512-COROpnaoap1E2F000S62r6A60uHZnmlvomhfyT2DlTcrY1OrBKn2UhH7qn5wTC9zMvD0AY7csdPSNwKP+7WiQw=="],

    "axobject-query": ["axobject-query@4.1.0", "", {}, "sha512-qIj0G9wZbMGNLjLmg1PT6v2mE9AH2zlnADJD/2tC6E00hgmhUOfEB6greHPAfLRSufHqROIUTkw6E+M3lH0PTQ=="],

    "clsx": ["clsx@2.1.1", "", {}, "sha512-eYm0QWBtUrBWZWG0d386OGAw16Z995PiOVo2B7bjWSbHedGl5e0ZWaq65kOGgUSNesEIDkB9ISbTg/JK9dhCZA=="],

    "cookie": ["cookie@0.6.0", "", {}, "sha512-U71cyTamuh1CRNCfpGY6to28lxvNwPG4Guz/EVjgf3Jmzv0vlDp1atT9eS5dDjMYHucpHbWns6Lwf3BKz6svdw=="],

    "debug": ["debug@4.4.1", "", { "dependencies": { "ms": "^2.1.3" } }, "sha512-KcKCqiftBJcZr++7ykoDIEwSa3XWowTfNPo92BYxjXiyYEVrUQh2aLyhxBCwww+heortUFxEJYcRzosstTEBYQ=="],

    "deepmerge": ["deepmerge@4.3.1", "", {}, "sha512-3sUqbMEc77XqpdNO7FRyRog+eW3ph+GYCbj+rK+uYyRMuwsVy0rMiVtPn+QJlKFvWP/1PYpapqYn0Me2knFn+A=="],

    "devalue": ["devalue@5.6.2", "", {}, "sha512-nPRkjWzzDQlsejL1WVifk5rvcFi/y1onBRxjaFMjZeR9mFpqu2gmAZ9xUB9/IEanEP/vBtGeGganC/GO1fmufg=="],

    "esbuild": ["esbuild@0.27.2", "", { "optionalDependencies": { "@esbuild/aix-ppc64": "0.27.2", "@esbuild/android-arm": "0.27.2", "@esbuild/android-arm64": "0.27.2", "@esbuild/android-x64": "0.27.2", "@esbuild/darwin-arm64": "0.27.2", "@esbuild/darwin-x64": "0.27.2", "@esbuild/freebsd-arm64": "0.27.2", "@esbuild/freebsd-x64": "0.27.2", "@esbuild/linux-arm": "0.27.2", "@esbuild/linux-arm64": "0.27.2", "@esbuild/linux-ia32": "0.27.2", "@esbuild/linux-loong64": "0.27.2", "@esbuild/linux-mips64el": "0.27.2", "@esbuild/linux-ppc64": "0.27.2", "@esbuild/linux-riscv64": "0.27.2", "@esbuild/linux-s390x": "0.27.2", "@esbuild/linux-x64": "0.27.2", "@esbuild/netbsd-arm64": "0.27.2", "@esbuild/netbsd-x64": "0.27.2", "@esbuild/openbsd-arm64": "0.27.2", "@esbuild/openbsd-x64": "0.27.2", "@esbuild/openharmony-arm64": "0.27.2", "@esbuild/sunos-x64": "0.27.2", "@esbuild/win32-arm64": "0.27.2", "@esbuild/win32-ia32": "0.27.2", "@esbuild/win32-x64": "0.27.2" }, "bin": { "esbuild": "bin/esbuild" } }, "sha512-HyNQImnsOC7X9PMNaCIeAm4ISCQXs5a5YasTXVliKv4uuBo1dKrG0A+uQS8M5eXjVMnLg3WgXaKvprHlFJQffw=="],

    "esm-env": ["esm-env@1.2.2", "", {}, "sha512-Epxrv+Nr/CaL4ZcFGPJIYLWFom+YeV1DqMLHJoEd9SYRxNbaFruBwfEX/kkHUJf55j2+TUbmDcmuilbP1TmXHA=="],

    "esrap": ["esrap@2.2.1", "", { "dependencies": { "@jridgewell/sourcemap-codec": "^1.4.15" } }, "sha512-GiYWG34AN/4CUyaWAgunGt0Rxvr1PTMlGC0vvEov/uOQYWne2bpN03Um+k8jT+q3op33mKouP2zeJ6OlM+qeUg=="],

    "fdir": ["fdir@6.5.0", "", { "peerDependencies": { "picomatch": "^3 || ^4" } }, "sha512-tIbYtZbucOs0BRGqPJkshJUYdL+SDH7dVM8gjy+ERp3WAUjLEFJE+02kanyHtwjWOnwrKYBiwAmM0p4kLJAnXg=="],

    "fsevents": ["fsevents@2.3.3", "", { "os": "darwin" }, "sha512-5xoDfX+fL7faATnagmWPpbFtwh/R77WmMMqqHGS65C3vvB0YHrgF+B1YmZ3441tMj5n63k0212XNoJwzlhffQw=="],

    "is-reference": ["is-reference@3.0.3", "", { "dependencies": { "@types/estree": "^1.0.6" } }, "sha512-ixkJoqQvAP88E6wLydLGGqCJsrFUnqoH6HnaczB8XmDH1oaWU+xxdptvikTgaEhtZ53Ky6YXiBuUI2WXLMCwjw=="],

    "kleur": ["kleur@4.1.5", "", {}, "sha512-o+NO+8WrRiQEE4/7nwRJhN1HWpVmJm511pBHUxPLtp0BUISzlBplORYSmTclCnJvQq2tKu/sgl3xVpkc7ZWuQQ=="],

    "locate-character": ["locate-character@3.0.0", "", {}, "sha512-SW13ws7BjaeJ6p7Q6CO2nchbYEc3X3J6WrmTTDto7yMPqVSZTUyY5Tjbid+Ab8gLnATtygYtiDIJGQRRn2ZOiA=="],

    "magic-string": ["magic-string@0.30.21", "", { "dependencies": { "@jridgewell/sourcemap-codec": "^1.5.5" } }, "sha512-vd2F4YUyEXKGcLHoq+TEyCjxueSeHnFxyyjNp80yg0XV4vUhnDer/lvvlqM/arB5bXQN5K2/3oinyCRyx8T2CQ=="],

    "mri": ["mri@1.2.0", "", {}, "sha512-tzzskb3bG8LvYGFF/mDTpq3jpI6Q9wc3LEmBaghu+DdCssd1FakN7Bc0hVNmEyGq1bq3RgfkCb3cmQLpNPOroA=="],

    "mrmime": ["mrmime@2.0.1", "", {}, "sha512-Y3wQdFg2Va6etvQ5I82yUhGdsKrcYox6p7FfL1LbK2J4V01F9TGlepTIhnK24t7koZibmg82KGglhA1XK5IsLQ=="],

    "ms": ["ms@2.1.3", "", {}, "sha512-6FlzubTLZG3J2a/NVCAleEhjzq5oxgHyaCU9yYXvcLsvoVaHJq/s5xXI6/XXP6tz7R9xAOtHnSO/tXtF3WRTlA=="],

    "nanoid": ["nanoid@3.3.11", "", { "bin": "bin/nanoid.cjs" }, "sha512-N8SpfPUnUp1bK+PMYW8qSWdl9U+wwNWI4QKxOYDy9JAro3WMX7p2OeVRF9v+347pnakNevPmiHhNmZ2HbFA76w=="],

    "obug": ["obug@2.1.1", "", {}, "sha512-uTqF9MuPraAQ+IsnPf366RG4cP9RtUi7MLO1N3KEc+wb0a6yKpeL0lmk2IB1jY5KHPAlTc6T/JRdC/YqxHNwkQ=="],

    "picocolors": ["picocolors@1.1.1", "", {}, "sha512-xceH2snhtb5M9liqDsmEw56le376mTZkEX/jEb/RxNFyegNul7eNslCXP9FDj/Lcu0X8KEyMceP2ntpaHrDEVA=="],

    "picomatch": ["picomatch@4.0.3", "", {}, "sha512-5gTmgEY/sqK6gFXLIsQNH19lWb4ebPDLA4SdLP7dsWkIXHWlG66oPuVvXSGFPppYZz8ZDZq0dYYrbHfBCVUb1Q=="],

    "postcss": ["postcss@8.5.6", "", { "dependencies": { "nanoid": "^3.3.11", "picocolors": "^1.1.1", "source-map-js": "^1.2.1" } }, "sha512-3Ybi1tAuwAP9s0r1UQ2J4n5Y0G05bJkpUIO0/bI9MhwmD70S5aTWbXGBwxHrelT+XM1k6dM0pk+SwNkpTRN7Pg=="],

    "rollup": ["rollup@4.49.0", "", { "dependencies": { "@types/estree": "1.0.8" }, "optionalDependencies": { "@rollup/rollup-android-arm-eabi": "4.49.0", "@rollup/rollup-android-arm64": "4.49.0", "@rollup/rollup-darwin-arm64": "4.49.0", "@rollup/rollup-darwin-x64": "4.49.0", "@rollup/rollup-freebsd-arm64": "4.49.0", "@rollup/rollup-freebsd-x64": "4.49.0", "@rollup/rollup-linux-arm-gnueabihf": "4.49.0", "@rollup/rollup-linux-arm-musleabihf": "4.49.0", "@rollup/rollup-linux-arm64-gnu": "4.49.0", "@rollup/rollup-linux-arm64-musl": "4.49.0", "@rollup/rollup-linux-loongarch64-gnu": "4.49.0", "@rollup/rollup-linux-ppc64-gnu": "4.49.0", "@rollup/rollup-linux-riscv64-gnu": "4.49.0", "@rollup/rollup-linux-riscv64-musl": "4.49.0", "@rollup/rollup-linux-s390x-gnu": "4.49.0", "@rollup/rollup-linux-x64-gnu": "4.49.0", "@rollup/rollup-linux-x64-musl": "4.49.0", "@rollup/rollup-win32-arm64-msvc": "4.49.0", "@rollup/rollup-win32-ia32-msvc": "4.49.0", "@rollup/rollup-win32-x64-msvc": "4.49.0", "fsevents": "~2.3.2" }, "bin": "dist/bin/rollup" }, "sha512-3IVq0cGJ6H7fKXXEdVt+RcYvRCt8beYY9K1760wGQwSAHZcS9eot1zDG5axUbcp/kWRi5zKIIDX8MoKv/TzvZA=="],

    "sade": ["sade@1.8.1", "", { "dependencies": { "mri": "^1.1.0" } }, "sha512-xal3CZX1Xlo/k4ApwCFrHVACi9fBqJ7V+mwhBsuf/1IOKbBy098Fex+Wa/5QMubw09pSZ/u8EY8PWgevJsXp1A=="],

    "set-cookie-parser": ["set-cookie-parser@2.7.1", "", {}, "sha512-IOc8uWeOZgnb3ptbCURJWNjWUPcO3ZnTTdzsurqERrP6nPyv+paC55vJM0LpOlT2ne+Ix+9+CRG1MNLlyZ4GjQ=="],

    "sirv": ["sirv@3.0.1", "", { "dependencies": { "@polka/url": "^1.0.0-next.24", "mrmime": "^2.0.0", "totalist": "^3.0.0" } }, "sha512-FoqMu0NCGBLCcAkS1qA+XJIQTR6/JHfQXl+uGteNCQ76T91DMUjPa9xfmeqMY3z80nLSg9yQmNjK0Px6RWsH/A=="],

    "source-map-js": ["source-map-js@1.2.1", "", {}, "sha512-UXWMKhLOwVKb728IUtQPXxfYU+usdybtUrK/8uGE8CQMvrhOpwvzDBwj0QhSL7MQc7vIsISBG8VQ8+IDQxpfQA=="],

    "svelte": ["svelte@5.46.4", "", { "dependencies": { "@jridgewell/remapping": "^2.3.4", "@jridgewell/sourcemap-codec": "^1.5.0", "@sveltejs/acorn-typescript": "^1.0.5", "@types/estree": "^1.0.5", "acorn": "^8.12.1", "aria-query": "^5.3.1", "axobject-query": "^4.1.0", "clsx": "^2.1.1", "devalue": "^5.6.2", "esm-env": "^1.2.1", "esrap": "^2.2.1", "is-reference": "^3.0.3", "locate-character": "^3.0.0", "magic-string": "^0.30.11", "zimmerframe": "^1.1.2" } }, "sha512-VJwdXrmv9L8L7ZasJeWcCjoIuMRVbhuxbss0fpVnR8yorMmjNDwcjIH08vS6wmSzzzgAG5CADQ1JuXPS2nwt9w=="],

    "tinyglobby": ["tinyglobby@0.2.15", "", { "dependencies": { "fdir": "^6.5.0", "picomatch": "^4.0.3" } }, "sha512-j2Zq4NyQYG5XMST4cbs02Ak8iJUdxRM0XI5QyxXuZOzKOINmWurp3smXu3y5wDcJrptwpSjgXHzIQxR0omXljQ=="],

    "totalist": ["totalist@3.0.1", "", {}, "sha512-sf4i37nQ2LBx4m3wB74y+ubopq6W/dIzXg0FDGjsYnZHVa1Da8FH853wlL2gtUhg+xJXjfk3kUZS3BRoQeoQBQ=="],

    "vite": ["vite@7.3.1", "", { "dependencies": { "esbuild": "^0.27.0", "fdir": "^6.5.0", "picomatch": "^4.0.3", "postcss": "^8.5.6", "rollup": "^4.43.0", "tinyglobby": "^0.2.15" }, "optionalDependencies": { "fsevents": "~2.3.3" }, "peerDependencies": { "@types/node": "^20.19.0 || >=22.12.0", "jiti": ">=1.21.0", "less": "^4.0.0", "lightningcss": "^1.21.0", "sass": "^1.70.0", "sass-embedded": "^1.70.0", "stylus": ">=0.54.8", "sugarss": "^5.0.0", "terser": "^5.16.0", "tsx": "^4.8.1", "yaml": "^2.4.2" }, "optionalPeers": ["@types/node", "jiti", "less", "lightningcss", "sass", "sass-embedded", "stylus", "sugarss", "terser", "tsx", "yaml"], "bin": { "vite": "bin/vite.js" } }, "sha512-w+N7Hifpc3gRjZ63vYBXA56dvvRlNWRczTdmCBBa+CotUzAPf5b7YMdMR/8CQoeYE5LX3W4wj6RYTgonm1b9DA=="],

    "vitefu": ["vitefu@1.1.1", "", { "peerDependencies": { "vite": "^3.0.0 || ^4.0.0 || ^5.0.0 || ^6.0.0 || ^7.0.0-beta.0" } }, "sha512-B/Fegf3i8zh0yFbpzZ21amWzHmuNlLlmJT6n7bu5e+pCHUKQIfXSYokrqOBGEMMe9UG2sostKQF9mml/vYaWJQ=="],

    "zimmerframe": ["zimmerframe@1.1.2", "", {}, "sha512-rAbqEGa8ovJy4pyBxZM70hg4pE6gDgaQ0Sl9M3enG3I0d6H4XSAM3GeNGLKnsBpuijUow064sf7ww1nutC5/3w=="],
  }
}
